// !$*UTF8*$!
{
	archiveVersion = 1;
	classes = {
	};
	objectVersion = 56;
	objects = {

/* Begin PBXBuildFile section */
		235A892F06345CEFC0286D37 /* Pods_furasta.framework in Frameworks */ = {isa = PBXBuildFile; fileRef = CD54C0E5E775BE7EDE3F3C2B /* Pods_furasta.framework */; };
		D0444B302911F95C00E0ED45 /* StoryBundle.swift in Sources */ = {isa = PBXBuildFile; fileRef = D0444B2F2911F95C00E0ED45 /* StoryBundle.swift */; };
		D0444B372912049400E0ED45 /* MethodView.swift in Sources */ = {isa = PBXBuildFile; fileRef = D0444B362912049400E0ED45 /* MethodView.swift */; };
		D0444B3C29120D1A00E0ED45 /* SnapToScroll in Frameworks */ = {isa = PBXBuildFile; productRef = D0444B3B29120D1A00E0ED45 /* SnapToScroll */; };
		D05326B1290D5DBC004A7018 /* FurastaView.swift in Sources */ = {isa = PBXBuildFile; fileRef = D05326B0290D5DBC004A7018 /* FurastaView.swift */; };
		D05326B5290D5DEB004A7018 /* SettingsView.swift in Sources */ = {isa = PBXBuildFile; fileRef = D05326B4290D5DEB004A7018 /* SettingsView.swift */; };
		D05326B7290D5E04004A7018 /* AppView.swift in Sources */ = {isa = PBXBuildFile; fileRef = D05326B6290D5E04004A7018 /* AppView.swift */; };
		D05326BB290D70F3004A7018 /* HeaderModel.swift in Sources */ = {isa = PBXBuildFile; fileRef = D05326BA290D70F3004A7018 /* HeaderModel.swift */; };
		D05326BF290D7B17004A7018 /* DishesView.swift in Sources */ = {isa = PBXBuildFile; fileRef = D05326BE290D7B17004A7018 /* DishesView.swift */; };
		D05326C7290E9CBF004A7018 /* FactModel.swift in Sources */ = {isa = PBXBuildFile; fileRef = D05326C6290E9CBF004A7018 /* FactModel.swift */; };
		D05326CB290EAB50004A7018 /* RecipeModel.swift in Sources */ = {isa = PBXBuildFile; fileRef = D05326CA290EAB50004A7018 /* RecipeModel.swift */; };
		D05326CF290EAC32004A7018 /* RecipeCardView.swift in Sources */ = {isa = PBXBuildFile; fileRef = D05326CE290EAC32004A7018 /* RecipeCardView.swift */; };
		D090BBEE2919C3BC00A554EB /* GoogleService-Info.plist in Resources */ = {isa = PBXBuildFile; fileRef = D090BBED2919C3BC00A554EB /* GoogleService-Info.plist */; };
		D090BBF02919D71300A554EB /* RecipeViewModel.swift in Sources */ = {isa = PBXBuildFile; fileRef = D090BBEF2919D71300A554EB /* RecipeViewModel.swift */; };
		D09E271B290D532D00CF4C86 /* furastaApp.swift in Sources */ = {isa = PBXBuildFile; fileRef = D09E271A290D532D00CF4C86 /* furastaApp.swift */; };
		D09E271F290D533000CF4C86 /* Assets.xcassets in Resources */ = {isa = PBXBuildFile; fileRef = D09E271E290D533000CF4C86 /* Assets.xcassets */; };
		D09E2722290D533000CF4C86 /* Preview Assets.xcassets in Resources */ = {isa = PBXBuildFile; fileRef = D09E2721290D533000CF4C86 /* Preview Assets.xcassets */; };
		D0B20B04290ECF1600F29546 /* RecipeRatingView.swift in Sources */ = {isa = PBXBuildFile; fileRef = D0B20B03290ECF1600F29546 /* RecipeRatingView.swift */; };
		D0B20B06290ECF9000F29546 /* RecipeCookingView.swift in Sources */ = {isa = PBXBuildFile; fileRef = D0B20B05290ECF9000F29546 /* RecipeCookingView.swift */; };
		D0B20B08290ED07900F29546 /* RecipeDetailView.swift in Sources */ = {isa = PBXBuildFile; fileRef = D0B20B07290ED07900F29546 /* RecipeDetailView.swift */; };
		D0EA6F5B291149670039507F /* ProfileView.swift in Sources */ = {isa = PBXBuildFile; fileRef = D0EA6F5A291149660039507F /* ProfileView.swift */; };
		D0EA6F5D291149D90039507F /* ProfileCardView.swift in Sources */ = {isa = PBXBuildFile; fileRef = D0EA6F5C291149D90039507F /* ProfileCardView.swift */; };
/* End PBXBuildFile section */

/* Begin PBXFileReference section */
		3E08906519ED8530E8C33AE2 /* Pods-furasta.release.xcconfig */ = {isa = PBXFileReference; includeInIndex = 1; lastKnownFileType = text.xcconfig; name = "Pods-furasta.release.xcconfig"; path = "Target Support Files/Pods-furasta/Pods-furasta.release.xcconfig"; sourceTree = "<group>"; };
		BDF04336BF7401A262264C35 /* Pods-furasta.debug.xcconfig */ = {isa = PBXFileReference; includeInIndex = 1; lastKnownFileType = text.xcconfig; name = "Pods-furasta.debug.xcconfig"; path = "Target Support Files/Pods-furasta/Pods-furasta.debug.xcconfig"; sourceTree = "<group>"; };
		CD54C0E5E775BE7EDE3F3C2B /* Pods_furasta.framework */ = {isa = PBXFileReference; explicitFileType = wrapper.framework; includeInIndex = 0; path = Pods_furasta.framework; sourceTree = BUILT_PRODUCTS_DIR; };
		D0444B2F2911F95C00E0ED45 /* StoryBundle.swift */ = {isa = PBXFileReference; lastKnownFileType = sourcecode.swift; path = StoryBundle.swift; sourceTree = "<group>"; };
		D0444B362912049400E0ED45 /* MethodView.swift */ = {isa = PBXFileReference; lastKnownFileType = sourcecode.swift; path = MethodView.swift; sourceTree = "<group>"; };
		D05326B0290D5DBC004A7018 /* FurastaView.swift */ = {isa = PBXFileReference; lastKnownFileType = sourcecode.swift; path = FurastaView.swift; sourceTree = "<group>"; };
		D05326B4290D5DEB004A7018 /* SettingsView.swift */ = {isa = PBXFileReference; lastKnownFileType = sourcecode.swift; path = SettingsView.swift; sourceTree = "<group>"; };
		D05326B6290D5E04004A7018 /* AppView.swift */ = {isa = PBXFileReference; lastKnownFileType = sourcecode.swift; path = AppView.swift; sourceTree = "<group>"; };
		D05326BA290D70F3004A7018 /* HeaderModel.swift */ = {isa = PBXFileReference; lastKnownFileType = sourcecode.swift; path = HeaderModel.swift; sourceTree = "<group>"; };
		D05326BE290D7B17004A7018 /* DishesView.swift */ = {isa = PBXFileReference; lastKnownFileType = sourcecode.swift; path = DishesView.swift; sourceTree = "<group>"; };
		D05326C6290E9CBF004A7018 /* FactModel.swift */ = {isa = PBXFileReference; lastKnownFileType = sourcecode.swift; path = FactModel.swift; sourceTree = "<group>"; };
		D05326CA290EAB50004A7018 /* RecipeModel.swift */ = {isa = PBXFileReference; lastKnownFileType = sourcecode.swift; path = RecipeModel.swift; sourceTree = "<group>"; };
		D05326CE290EAC32004A7018 /* RecipeCardView.swift */ = {isa = PBXFileReference; lastKnownFileType = sourcecode.swift; path = RecipeCardView.swift; sourceTree = "<group>"; };
		D090BBED2919C3BC00A554EB /* GoogleService-Info.plist */ = {isa = PBXFileReference; fileEncoding = 4; lastKnownFileType = text.plist.xml; path = "GoogleService-Info.plist"; sourceTree = "<group>"; };
		D090BBEF2919D71300A554EB /* RecipeViewModel.swift */ = {isa = PBXFileReference; lastKnownFileType = sourcecode.swift; path = RecipeViewModel.swift; sourceTree = "<group>"; };
		D09E2717290D532D00CF4C86 /* furasta.app */ = {isa = PBXFileReference; explicitFileType = wrapper.application; includeInIndex = 0; path = furasta.app; sourceTree = BUILT_PRODUCTS_DIR; };
		D09E271A290D532D00CF4C86 /* furastaApp.swift */ = {isa = PBXFileReference; lastKnownFileType = sourcecode.swift; path = furastaApp.swift; sourceTree = "<group>"; };
		D09E271E290D533000CF4C86 /* Assets.xcassets */ = {isa = PBXFileReference; lastKnownFileType = folder.assetcatalog; path = Assets.xcassets; sourceTree = "<group>"; };
		D09E2721290D533000CF4C86 /* Preview Assets.xcassets */ = {isa = PBXFileReference; lastKnownFileType = folder.assetcatalog; path = "Preview Assets.xcassets"; sourceTree = "<group>"; };
		D0B20B03290ECF1600F29546 /* RecipeRatingView.swift */ = {isa = PBXFileReference; lastKnownFileType = sourcecode.swift; path = RecipeRatingView.swift; sourceTree = "<group>"; };
		D0B20B05290ECF9000F29546 /* RecipeCookingView.swift */ = {isa = PBXFileReference; lastKnownFileType = sourcecode.swift; path = RecipeCookingView.swift; sourceTree = "<group>"; };
		D0B20B07290ED07900F29546 /* RecipeDetailView.swift */ = {isa = PBXFileReference; lastKnownFileType = sourcecode.swift; path = RecipeDetailView.swift; sourceTree = "<group>"; };
		D0EA6F5A291149660039507F /* ProfileView.swift */ = {isa = PBXFileReference; lastKnownFileType = sourcecode.swift; path = ProfileView.swift; sourceTree = "<group>"; };
		D0EA6F5C291149D90039507F /* ProfileCardView.swift */ = {isa = PBXFileReference; lastKnownFileType = sourcecode.swift; path = ProfileCardView.swift; sourceTree = "<group>"; };
/* End PBXFileReference section */

/* Begin PBXFrameworksBuildPhase section */
		D09E2714290D532D00CF4C86 /* Frameworks */ = {
			isa = PBXFrameworksBuildPhase;
			buildActionMask = 2147483647;
			files = (
				D0444B3C29120D1A00E0ED45 /* SnapToScroll in Frameworks */,
				235A892F06345CEFC0286D37 /* Pods_furasta.framework in Frameworks */,
			);
			runOnlyForDeploymentPostprocessing = 0;
		};
/* End PBXFrameworksBuildPhase section */

/* Begin PBXGroup section */
		6BEB3395C131F6E131C6316C /* Frameworks */ = {
			isa = PBXGroup;
			children = (
				CD54C0E5E775BE7EDE3F3C2B /* Pods_furasta.framework */,
			);
			name = Frameworks;
			sourceTree = "<group>";
		};
		D05326AE290D5D72004A7018 /* Model */ = {
			isa = PBXGroup;
			children = (
				D05326BA290D70F3004A7018 /* HeaderModel.swift */,
				D05326C6290E9CBF004A7018 /* FactModel.swift */,
				D05326CA290EAB50004A7018 /* RecipeModel.swift */,
				D0444B2F2911F95C00E0ED45 /* StoryBundle.swift */,
				D090BBEF2919D71300A554EB /* RecipeViewModel.swift */,
			);
			path = Model;
			sourceTree = "<group>";
		};
		D05326AF290D5D78004A7018 /* View */ = {
			isa = PBXGroup;
			children = (
				D0B20B03290ECF1600F29546 /* RecipeRatingView.swift */,
				D0B20B05290ECF9000F29546 /* RecipeCookingView.swift */,
				D05326B0290D5DBC004A7018 /* FurastaView.swift */,
				D05326B4290D5DEB004A7018 /* SettingsView.swift */,
				D05326B6290D5E04004A7018 /* AppView.swift */,
				D05326BE290D7B17004A7018 /* DishesView.swift */,
				D05326CE290EAC32004A7018 /* RecipeCardView.swift */,
				D0B20B07290ED07900F29546 /* RecipeDetailView.swift */,
				D0EA6F5A291149660039507F /* ProfileView.swift */,
				D0EA6F5C291149D90039507F /* ProfileCardView.swift */,
				D0444B362912049400E0ED45 /* MethodView.swift */,
			);
			path = View;
			sourceTree = "<group>";
		};
		D09E270E290D532D00CF4C86 = {
			isa = PBXGroup;
			children = (
				D09E2719290D532D00CF4C86 /* furasta */,
				D09E2718290D532D00CF4C86 /* Products */,
				D168291D9B8529B83BB95AB5 /* Pods */,
				6BEB3395C131F6E131C6316C /* Frameworks */,
			);
			sourceTree = "<group>";
		};
		D09E2718290D532D00CF4C86 /* Products */ = {
			isa = PBXGroup;
			children = (
				D09E2717290D532D00CF4C86 /* furasta.app */,
			);
			name = Products;
			sourceTree = "<group>";
		};
		D09E2719290D532D00CF4C86 /* furasta */ = {
			isa = PBXGroup;
			children = (
				D090BBED2919C3BC00A554EB /* GoogleService-Info.plist */,
				D05326AF290D5D78004A7018 /* View */,
				D05326AE290D5D72004A7018 /* Model */,
				D09E271A290D532D00CF4C86 /* furastaApp.swift */,
				D09E271E290D533000CF4C86 /* Assets.xcassets */,
				D09E2720290D533000CF4C86 /* Preview Content */,
			);
			path = furasta;
			sourceTree = "<group>";
		};
		D09E2720290D533000CF4C86 /* Preview Content */ = {
			isa = PBXGroup;
			children = (
				D09E2721290D533000CF4C86 /* Preview Assets.xcassets */,
			);
			path = "Preview Content";
			sourceTree = "<group>";
		};
		D168291D9B8529B83BB95AB5 /* Pods */ = {
			isa = PBXGroup;
			children = (
				BDF04336BF7401A262264C35 /* Pods-furasta.debug.xcconfig */,
				3E08906519ED8530E8C33AE2 /* Pods-furasta.release.xcconfig */,
			);
			path = Pods;
			sourceTree = "<group>";
		};
/* End PBXGroup section */

/* Begin PBXNativeTarget section */
		D09E2716290D532D00CF4C86 /* furasta */ = {
			isa = PBXNativeTarget;
			buildConfigurationList = D09E2725290D533000CF4C86 /* Build configuration list for PBXNativeTarget "furasta" */;
			buildPhases = (
				C6422552097B8D0E372238BA /* [CP] Check Pods Manifest.lock */,
				D09E2713290D532D00CF4C86 /* Sources */,
				D09E2714290D532D00CF4C86 /* Frameworks */,
				D09E2715290D532D00CF4C86 /* Resources */,
				320F4E10420920D65DB7FB31 /* [CP] Embed Pods Frameworks */,
			);
			buildRules = (
			);
			dependencies = (
			);
			name = furasta;
			packageProductDependencies = (
				D0444B3B29120D1A00E0ED45 /* SnapToScroll */,
			);
			productName = furasta;
			productReference = D09E2717290D532D00CF4C86 /* furasta.app */;
			productType = "com.apple.product-type.application";
		};
/* End PBXNativeTarget section */

/* Begin PBXProject section */
		D09E270F290D532D00CF4C86 /* Project object */ = {
			isa = PBXProject;
			attributes = {
				BuildIndependentTargetsInParallel = 1;
				LastSwiftUpdateCheck = 1400;
				LastUpgradeCheck = 1400;
				TargetAttributes = {
					D09E2716290D532D00CF4C86 = {
						CreatedOnToolsVersion = 14.0.1;
					};
				};
			};
			buildConfigurationList = D09E2712290D532D00CF4C86 /* Build configuration list for PBXProject "furasta" */;
			compatibilityVersion = "Xcode 14.0";
			developmentRegion = en;
			hasScannedForEncodings = 0;
			knownRegions = (
				en,
				Base,
			);
			mainGroup = D09E270E290D532D00CF4C86;
			packageReferences = (
				D0444B3A29120D1A00E0ED45 /* XCRemoteSwiftPackageReference "hstack-snap-to-scroll" */,
			);
			productRefGroup = D09E2718290D532D00CF4C86 /* Products */;
			projectDirPath = "";
			projectRoot = "";
			targets = (
				D09E2716290D532D00CF4C86 /* furasta */,
			);
		};
/* End PBXProject section */

/* Begin PBXResourcesBuildPhase section */
		D09E2715290D532D00CF4C86 /* Resources */ = {
			isa = PBXResourcesBuildPhase;
			buildActionMask = 2147483647;
			files = (
				D09E2722290D533000CF4C86 /* Preview Assets.xcassets in Resources */,
				D09E271F290D533000CF4C86 /* Assets.xcassets in Resources */,
				D090BBEE2919C3BC00A554EB /* GoogleService-Info.plist in Resources */,
			);
			runOnlyForDeploymentPostprocessing = 0;
		};
/* End PBXResourcesBuildPhase section */

/* Begin PBXShellScriptBuildPhase section */
		320F4E10420920D65DB7FB31 /* [CP] Embed Pods Frameworks */ = {
			isa = PBXShellScriptBuildPhase;
			buildActionMask = 2147483647;
			files = (
			);
			inputFileListPaths = (
				"${PODS_ROOT}/Target Support Files/Pods-furasta/Pods-furasta-frameworks-${CONFIGURATION}-input-files.xcfilelist",
			);
			name = "[CP] Embed Pods Frameworks";
			outputFileListPaths = (
				"${PODS_ROOT}/Target Support Files/Pods-furasta/Pods-furasta-frameworks-${CONFIGURATION}-output-files.xcfilelist",
			);
			runOnlyForDeploymentPostprocessing = 0;
			shellPath = /bin/sh;
			shellScript = "\"${PODS_ROOT}/Target Support Files/Pods-furasta/Pods-furasta-frameworks.sh\"\n";
			showEnvVarsInLog = 0;
		};
		C6422552097B8D0E372238BA /* [CP] Check Pods Manifest.lock */ = {
			isa = PBXShellScriptBuildPhase;
			buildActionMask = 2147483647;
			files = (
			);
			inputFileListPaths = (
			);
			inputPaths = (
				"${PODS_PODFILE_DIR_PATH}/Podfile.lock",
				"${PODS_ROOT}/Manifest.lock",
			);
			name = "[CP] Check Pods Manifest.lock";
			outputFileListPaths = (
			);
			outputPaths = (
				"$(DERIVED_FILE_DIR)/Pods-furasta-checkManifestLockResult.txt",
			);
			runOnlyForDeploymentPostprocessing = 0;
			shellPath = /bin/sh;
			shellScript = "diff \"${PODS_PODFILE_DIR_PATH}/Podfile.lock\" \"${PODS_ROOT}/Manifest.lock\" > /dev/null\nif [ $? != 0 ] ; then\n    # print error to STDERR\n    echo \"error: The sandbox is not in sync with the Podfile.lock. Run 'pod install' or update your CocoaPods installation.\" >&2\n    exit 1\nfi\n# This output is used by Xcode 'outputs' to avoid re-running this script phase.\necho \"SUCCESS\" > \"${SCRIPT_OUTPUT_FILE_0}\"\n";
			showEnvVarsInLog = 0;
		};
/* End PBXShellScriptBuildPhase section */

/* Begin PBXSourcesBuildPhase section */
		D09E2713290D532D00CF4C86 /* Sources */ = {
			isa = PBXSourcesBuildPhase;
			buildActionMask = 2147483647;
			files = (
				D05326B5290D5DEB004A7018 /* SettingsView.swift in Sources */,
				D0B20B04290ECF1600F29546 /* RecipeRatingView.swift in Sources */,
				D05326B1290D5DBC004A7018 /* FurastaView.swift in Sources */,
				D05326B7290D5E04004A7018 /* AppView.swift in Sources */,
				D0EA6F5D291149D90039507F /* ProfileCardView.swift in Sources */,
				D090BBF02919D71300A554EB /* RecipeViewModel.swift in Sources */,
				D09E271B290D532D00CF4C86 /* furastaApp.swift in Sources */,
				D05326BB290D70F3004A7018 /* HeaderModel.swift in Sources */,
				D05326CB290EAB50004A7018 /* RecipeModel.swift in Sources */,
				D05326BF290D7B17004A7018 /* DishesView.swift in Sources */,
				D0B20B06290ECF9000F29546 /* RecipeCookingView.swift in Sources */,
				D05326C7290E9CBF004A7018 /* FactModel.swift in Sources */,
				D0EA6F5B291149670039507F /* ProfileView.swift in Sources */,
				D0444B302911F95C00E0ED45 /* StoryBundle.swift in Sources */,
				D0444B372912049400E0ED45 /* MethodView.swift in Sources */,
				D05326CF290EAC32004A7018 /* RecipeCardView.swift in Sources */,
				D0B20B08290ED07900F29546 /* RecipeDetailView.swift in Sources */,
			);
			runOnlyForDeploymentPostprocessing = 0;
		};
/* End PBXSourcesBuildPhase section */

/* Begin XCBuildConfiguration section */
		D09E2723290D533000CF4C86 /* Debug */ = {
			isa = XCBuildConfiguration;
			buildSettings = {
				ALWAYS_SEARCH_USER_PATHS = NO;
				CLANG_ANALYZER_NONNULL = YES;
				CLANG_ANALYZER_NUMBER_OBJECT_CONVERSION = YES_AGGRESSIVE;
				CLANG_CXX_LANGUAGE_STANDARD = "gnu++20";
				CLANG_ENABLE_MODULES = YES;
				CLANG_ENABLE_OBJC_ARC = YES;
				CLANG_ENABLE_OBJC_WEAK = YES;
				CLANG_WARN_BLOCK_CAPTURE_AUTORELEASING = YES;
				CLANG_WARN_BOOL_CONVERSION = YES;
				CLANG_WARN_COMMA = YES;
				CLANG_WARN_CONSTANT_CONVERSION = YES;
				CLANG_WARN_DEPRECATED_OBJC_IMPLEMENTATIONS = YES;
				CLANG_WARN_DIRECT_OBJC_ISA_USAGE = YES_ERROR;
				CLANG_WARN_DOCUMENTATION_COMMENTS = YES;
				CLANG_WARN_EMPTY_BODY = YES;
				CLANG_WARN_ENUM_CONVERSION = YES;
				CLANG_WARN_INFINITE_RECURSION = YES;
				CLANG_WARN_INT_CONVERSION = YES;
				CLANG_WARN_NON_LITERAL_NULL_CONVERSION = YES;
				CLANG_WARN_OBJC_IMPLICIT_RETAIN_SELF = YES;
				CLANG_WARN_OBJC_LITERAL_CONVERSION = YES;
				CLANG_WARN_OBJC_ROOT_CLASS = YES_ERROR;
				CLANG_WARN_QUOTED_INCLUDE_IN_FRAMEWORK_HEADER = YES;
				CLANG_WARN_RANGE_LOOP_ANALYSIS = YES;
				CLANG_WARN_STRICT_PROTOTYPES = YES;
				CLANG_WARN_SUSPICIOUS_MOVE = YES;
				CLANG_WARN_UNGUARDED_AVAILABILITY = YES_AGGRESSIVE;
				CLANG_WARN_UNREACHABLE_CODE = YES;
				CLANG_WARN__DUPLICATE_METHOD_MATCH = YES;
				COPY_PHASE_STRIP = NO;
				DEBUG_INFORMATION_FORMAT = dwarf;
				ENABLE_STRICT_OBJC_MSGSEND = YES;
				ENABLE_TESTABILITY = YES;
				GCC_C_LANGUAGE_STANDARD = gnu11;
				GCC_DYNAMIC_NO_PIC = NO;
				GCC_NO_COMMON_BLOCKS = YES;
				GCC_OPTIMIZATION_LEVEL = 0;
				GCC_PREPROCESSOR_DEFINITIONS = (
					"DEBUG=1",
					"$(inherited)",
				);
				GCC_WARN_64_TO_32_BIT_CONVERSION = YES;
				GCC_WARN_ABOUT_RETURN_TYPE = YES_ERROR;
				GCC_WARN_UNDECLARED_SELECTOR = YES;
				GCC_WARN_UNINITIALIZED_AUTOS = YES_AGGRESSIVE;
				GCC_WARN_UNUSED_FUNCTION = YES;
				GCC_WARN_UNUSED_VARIABLE = YES;
				IPHONEOS_DEPLOYMENT_TARGET = 16.0;
				MTL_ENABLE_DEBUG_INFO = INCLUDE_SOURCE;
				MTL_FAST_MATH = YES;
				ONLY_ACTIVE_ARCH = YES;
				SDKROOT = iphoneos;
				SWIFT_ACTIVE_COMPILATION_CONDITIONS = DEBUG;
				SWIFT_OPTIMIZATION_LEVEL = "-Onone";
			};
			name = Debug;
		};
		D09E2724290D533000CF4C86 /* Release */ = {
			isa = XCBuildConfiguration;
			buildSettings = {
				ALWAYS_SEARCH_USER_PATHS = NO;
				CLANG_ANALYZER_NONNULL = YES;
				CLANG_ANALYZER_NUMBER_OBJECT_CONVERSION = YES_AGGRESSIVE;
				CLANG_CXX_LANGUAGE_STANDARD = "gnu++20";
				CLANG_ENABLE_MODULES = YES;
				CLANG_ENABLE_OBJC_ARC = YES;
				CLANG_ENABLE_OBJC_WEAK = YES;
				CLANG_WARN_BLOCK_CAPTURE_AUTORELEASING = YES;
				CLANG_WARN_BOOL_CONVERSION = YES;
				CLANG_WARN_COMMA = YES;
				CLANG_WARN_CONSTANT_CONVERSION = YES;
				CLANG_WARN_DEPRECATED_OBJC_IMPLEMENTATIONS = YES;
				CLANG_WARN_DIRECT_OBJC_ISA_USAGE = YES_ERROR;
				CLANG_WARN_DOCUMENTATION_COMMENTS = YES;
				CLANG_WARN_EMPTY_BODY = YES;
				CLANG_WARN_ENUM_CONVERSION = YES;
				CLANG_WARN_INFINITE_RECURSION = YES;
				CLANG_WARN_INT_CONVERSION = YES;
				CLANG_WARN_NON_LITERAL_NULL_CONVERSION = YES;
				CLANG_WARN_OBJC_IMPLICIT_RETAIN_SELF = YES;
				CLANG_WARN_OBJC_LITERAL_CONVERSION = YES;
				CLANG_WARN_OBJC_ROOT_CLASS = YES_ERROR;
				CLANG_WARN_QUOTED_INCLUDE_IN_FRAMEWORK_HEADER = YES;
				CLANG_WARN_RANGE_LOOP_ANALYSIS = YES;
				CLANG_WARN_STRICT_PROTOTYPES = YES;
				CLANG_WARN_SUSPICIOUS_MOVE = YES;
				CLANG_WARN_UNGUARDED_AVAILABILITY = YES_AGGRESSIVE;
				CLANG_WARN_UNREACHABLE_CODE = YES;
				CLANG_WARN__DUPLICATE_METHOD_MATCH = YES;
				COPY_PHASE_STRIP = NO;
				DEBUG_INFORMATION_FORMAT = "dwarf-with-dsym";
				ENABLE_NS_ASSERTIONS = NO;
				ENABLE_STRICT_OBJC_MSGSEND = YES;
				GCC_C_LANGUAGE_STANDARD = gnu11;
				GCC_NO_COMMON_BLOCKS = YES;
				GCC_WARN_64_TO_32_BIT_CONVERSION = YES;
				GCC_WARN_ABOUT_RETURN_TYPE = YES_ERROR;
				GCC_WARN_UNDECLARED_SELECTOR = YES;
				GCC_WARN_UNINITIALIZED_AUTOS = YES_AGGRESSIVE;
				GCC_WARN_UNUSED_FUNCTION = YES;
				GCC_WARN_UNUSED_VARIABLE = YES;
				IPHONEOS_DEPLOYMENT_TARGET = 16.0;
				MTL_ENABLE_DEBUG_INFO = NO;
				MTL_FAST_MATH = YES;
				SDKROOT = iphoneos;
				SWIFT_COMPILATION_MODE = wholemodule;
				SWIFT_OPTIMIZATION_LEVEL = "-O";
				VALIDATE_PRODUCT = YES;
			};
			name = Release;
		};
		D09E2726290D533000CF4C86 /* Debug */ = {
			isa = XCBuildConfiguration;
			baseConfigurationReference = BDF04336BF7401A262264C35 /* Pods-furasta.debug.xcconfig */;
			buildSettings = {
				ASSETCATALOG_COMPILER_APPICON_NAME = AppIcon;
				ASSETCATALOG_COMPILER_GLOBAL_ACCENT_COLOR_NAME = AccentColor;
				CODE_SIGN_STYLE = Automatic;
				CURRENT_PROJECT_VERSION = 1;
				DEVELOPMENT_ASSET_PATHS = "\"furasta/Preview Content\"";
				DEVELOPMENT_TEAM = FK5D28BR3X;
				ENABLE_PREVIEWS = YES;
				EXCLUDED_ARCHS = "";
				GENERATE_INFOPLIST_FILE = YES;
				INFOPLIST_KEY_CFBundleDisplayName = furasta;
				INFOPLIST_KEY_LSApplicationCategoryType = "public.app-category.food-and-drink";
				INFOPLIST_KEY_UIApplicationSceneManifest_Generation = YES;
				INFOPLIST_KEY_UIApplicationSupportsIndirectInputEvents = YES;
				INFOPLIST_KEY_UILaunchScreen_Generation = YES;
				INFOPLIST_KEY_UILaunchStoryboardName = "Launch Screen.storyboard";
				INFOPLIST_KEY_UISupportedInterfaceOrientations = UIInterfaceOrientationPortrait;
				INFOPLIST_KEY_UISupportedInterfaceOrientations_iPad = "UIInterfaceOrientationLandscapeLeft UIInterfaceOrientationLandscapeRight UIInterfaceOrientationPortrait UIInterfaceOrientationPortraitUpsideDown";
				IPHONEOS_DEPLOYMENT_TARGET = 16.0;
				LD_RUNPATH_SEARCH_PATHS = (
					"$(inherited)",
					"@executable_path/Frameworks",
				);
				MARKETING_VERSION = 1.0;
				PRODUCT_BUNDLE_IDENTIFIER = id.justinre.furasta;
				PRODUCT_NAME = "$(TARGET_NAME)";
				SWIFT_EMIT_LOC_STRINGS = YES;
				SWIFT_VERSION = 5.0;
				TARGETED_DEVICE_FAMILY = "1,2";
			};
			name = Debug;
		};
		D09E2727290D533000CF4C86 /* Release */ = {
			isa = XCBuildConfiguration;
			baseConfigurationReference = 3E08906519ED8530E8C33AE2 /* Pods-furasta.release.xcconfig */;
			buildSettings = {
				ASSETCATALOG_COMPILER_APPICON_NAME = AppIcon;
				ASSETCATALOG_COMPILER_GLOBAL_ACCENT_COLOR_NAME = AccentColor;
				CODE_SIGN_STYLE = Automatic;
				CURRENT_PROJECT_VERSION = 1;
				DEVELOPMENT_ASSET_PATHS = "\"furasta/Preview Content\"";
				DEVELOPMENT_TEAM = FK5D28BR3X;
				ENABLE_PREVIEWS = YES;
				GENERATE_INFOPLIST_FILE = YES;
				INFOPLIST_KEY_CFBundleDisplayName = furasta;
				INFOPLIST_KEY_LSApplicationCategoryType = "public.app-category.food-and-drink";
				INFOPLIST_KEY_UIApplicationSceneManifest_Generation = YES;
				INFOPLIST_KEY_UIApplicationSupportsIndirectInputEvents = YES;
				INFOPLIST_KEY_UILaunchScreen_Generation = YES;
				INFOPLIST_KEY_UILaunchStoryboardName = "Launch Screen.storyboard";
				INFOPLIST_KEY_UISupportedInterfaceOrientations = UIInterfaceOrientationPortrait;
				INFOPLIST_KEY_UISupportedInterfaceOrientations_iPad = "UIInterfaceOrientationLandscapeLeft UIInterfaceOrientationLandscapeRight UIInterfaceOrientationPortrait UIInterfaceOrientationPortraitUpsideDown";
				IPHONEOS_DEPLOYMENT_TARGET = 16.0;
				LD_RUNPATH_SEARCH_PATHS = (
					"$(inherited)",
					"@executable_path/Frameworks",
				);
				MARKETING_VERSION = 1.0;
				PRODUCT_BUNDLE_IDENTIFIER = id.justinre.furasta;
				PRODUCT_NAME = "$(TARGET_NAME)";
				SWIFT_EMIT_LOC_STRINGS = YES;
				SWIFT_VERSION = 5.0;
				TARGETED_DEVICE_FAMILY = "1,2";
			};
			name = Release;
		};
/* End XCBuildConfiguration section */

/* Begin XCConfigurationList section */
		D09E2712290D532D00CF4C86 /* Build configuration list for PBXProject "furasta" */ = {
			isa = XCConfigurationList;
			buildConfigurations = (
				D09E2723290D533000CF4C86 /* Debug */,
				D09E2724290D533000CF4C86 /* Release */,
			);
			defaultConfigurationIsVisible = 0;
			defaultConfigurationName = Release;
		};
		D09E2725290D533000CF4C86 /* Build configuration list for PBXNativeTarget "furasta" */ = {
			isa = XCConfigurationList;
			buildConfigurations = (
				D09E2726290D533000CF4C86 /* Debug */,
				D09E2727290D533000CF4C86 /* Release */,
			);
			defaultConfigurationIsVisible = 0;
			defaultConfigurationName = Release;
		};
/* End XCConfigurationList section */

/* Begin XCRemoteSwiftPackageReference section */
		D0444B3A29120D1A00E0ED45 /* XCRemoteSwiftPackageReference "hstack-snap-to-scroll" */ = {
			isa = XCRemoteSwiftPackageReference;
			repositoryURL = "https://github.com/swiftui-library/hstack-snap-to-scroll";
			requirement = {
				kind = upToNextMajorVersion;
				minimumVersion = 1.0.0;
			};
		};
/* End XCRemoteSwiftPackageReference section */

/* Begin XCSwiftPackageProductDependency section */
		D0444B3B29120D1A00E0ED45 /* SnapToScroll */ = {
			isa = XCSwiftPackageProductDependency;
			package = D0444B3A29120D1A00E0ED45 /* XCRemoteSwiftPackageReference "hstack-snap-to-scroll" */;
			productName = SnapToScroll;
		};
/* End XCSwiftPackageProductDependency section */
	};
	rootObject = D09E270F290D532D00CF4C86 /* Project object */;
}
